{
  "nodes": {
    "nixpkgs": {
      "locked": {
        "narHash": "sha256-JgAEH8ksfDg51zoBRKOB478QtBccXfFOQWBo5FcrLNY=",
        "path": "/etc/nixos/nixpkgs",
        "type": "path"
      },
      "original": {
        "id": "nixpkgs",
        "type": "indirect"
      }
    },
    "root": {
      "inputs": {
        "nixpkgs": "nixpkgs"
      }
    }
  },
  "root": "root",
  "version": 7
}
