{
  "nodes": {
    "nixpkgs": {
      "locked": {
        "lastModified": 1601494141,
        "narHash": "sha256-6ANgYlgrCBqH8Et+AvMAHdPn7c0iG8Bpb/kHwwpfH9k=",
        "owner": "mohe2015",
        "repo": "nixpkgs",
        "rev": "5161708ff571c3ec097b3c5b753f0c5c9eb1a8d0",
        "type": "github"
      },
      "original": {
        "owner": "mohe2015",
        "ref": "fix-mongodb",
        "repo": "nixpkgs",
        "type": "github"
      }
    },
    "root": {
      "inputs": {
        "nixpkgs": "nixpkgs"
      }
    }
  },
  "root": "root",
  "version": 7
}
