{
  "nodes": {
    "nixpkgs": {
      "locked": {
        "lastModified": 1608587299,
        "narHash": "sha256-ViM/r8uoSHZCLfYK4kv7vWbdJB8MJ/m/yP0l29yXTWs=",
        "owner": "NixOS",
        "repo": "nixpkgs",
        "rev": "583470209f9d51f1c6884e0afb5a9949ac988bcd",
        "type": "github"
      },
      "original": {
        "owner": "NixOS",
        "repo": "nixpkgs",
        "type": "github"
      }
    },
    "root": {
      "inputs": {
        "nixpkgs": "nixpkgs"
      }
    }
  },
  "root": "root",
  "version": 7
}
